
Microsoft Visual Studio Solution File, Format Version 12.00
# Visual Studio Version 17
VisualStudioVersion = 17.0.32014.148
MinimumVisualStudioVersion = 10.0.40219.1
Project("{FAE04EC0-301F-11D3-BF4B-00C04F79EFBC}") = "Grid", "Grid\Grid.csproj", "{EC37A2A9-025A-4F60-A34E-3522A67FAEA6}"
EndProject
Global
	GlobalSection(SolutionConfigurationPlatforms) = preSolution
		Debug|Any CPU = Debug|Any CPU
		Release|Any CPU = Release|Any CPU
	EndGlobalSection
	GlobalSection(ProjectConfigurationPlatforms) = postSolution
		{EC37A2A9-025A-4F60-A34E-3522A67FAEA6}.Debug|Any CPU.ActiveCfg = Debug|Any CPU
		{EC37A2A9-025A-4F60-A34E-3522A67FAEA6}.Debug|Any CPU.Build.0 = Debug|Any CPU
		{EC37A2A9-025A-4F60-A34E-3522A67FAEA6}.Release|Any CPU.ActiveCfg = Release|Any CPU
		{EC37A2A9-025A-4F60-A34E-3522A67FAEA6}.Release|Any CPU.Build.0 = Release|Any CPU
	EndGlobalSection
	GlobalSection(SolutionProperties) = preSolution
		HideSolutionNode = FALSE
	EndGlobalSection
	GlobalSection(ExtensibilityGlobals) = postSolution
		SolutionGuid = {3F1B0594-05A1-42E3-9CD3-7E45CD042365}
	EndGlobalSection
EndGlobal
